
Microsoft Visual Studio Solution File, Format Version 12.00
# Visual Studio Version 16
VisualStudioVersion = 25.0.1703.5
MinimumVisualStudioVersion = 10.0.40219.1
Project("{FAE04EC0-301F-11D3-BF4B-00C04F79EFBC}") = "DefaultAPI", "DefaultAPI\DefaultAPI.csproj", "{153FF9AB-CDF9-47A3-9270-E35D5FEB9833}"
EndProject
Project("{FAE04EC0-301F-11D3-BF4B-00C04F79EFBC}") = "Application", "Application\Application.csproj", "{C7811528-58F2-485B-B455-5FF87B7ED9EC}"
EndProject
Project("{FAE04EC0-301F-11D3-BF4B-00C04F79EFBC}") = "DefaultAPITests", "DefaultAPITests\DefaultAPITests.csproj", "{3FDD0767-CBC3-40C7-AC4E-80CEA1DC2318}"
EndProject
Global
	GlobalSection(SolutionConfigurationPlatforms) = preSolution
		Debug|Any CPU = Debug|Any CPU
		Release|Any CPU = Release|Any CPU
	EndGlobalSection
	GlobalSection(ProjectConfigurationPlatforms) = postSolution
		{153FF9AB-CDF9-47A3-9270-E35D5FEB9833}.Debug|Any CPU.ActiveCfg = Debug|Any CPU
		{153FF9AB-CDF9-47A3-9270-E35D5FEB9833}.Debug|Any CPU.Build.0 = Debug|Any CPU
		{153FF9AB-CDF9-47A3-9270-E35D5FEB9833}.Release|Any CPU.ActiveCfg = Release|Any CPU
		{153FF9AB-CDF9-47A3-9270-E35D5FEB9833}.Release|Any CPU.Build.0 = Release|Any CPU
		{C7811528-58F2-485B-B455-5FF87B7ED9EC}.Debug|Any CPU.ActiveCfg = Debug|Any CPU
		{C7811528-58F2-485B-B455-5FF87B7ED9EC}.Debug|Any CPU.Build.0 = Debug|Any CPU
		{C7811528-58F2-485B-B455-5FF87B7ED9EC}.Release|Any CPU.ActiveCfg = Release|Any CPU
		{C7811528-58F2-485B-B455-5FF87B7ED9EC}.Release|Any CPU.Build.0 = Release|Any CPU
		{3FDD0767-CBC3-40C7-AC4E-80CEA1DC2318}.Debug|Any CPU.ActiveCfg = Debug|Any CPU
		{3FDD0767-CBC3-40C7-AC4E-80CEA1DC2318}.Debug|Any CPU.Build.0 = Debug|Any CPU
		{3FDD0767-CBC3-40C7-AC4E-80CEA1DC2318}.Release|Any CPU.ActiveCfg = Release|Any CPU
		{3FDD0767-CBC3-40C7-AC4E-80CEA1DC2318}.Release|Any CPU.Build.0 = Release|Any CPU
	EndGlobalSection
	GlobalSection(SolutionProperties) = preSolution
		HideSolutionNode = FALSE
	EndGlobalSection
	GlobalSection(ExtensibilityGlobals) = postSolution
		SolutionGuid = {DEE4E171-C19A-431A-9402-5AE3C144308E}
	EndGlobalSection
EndGlobal
